
Microsoft Visual Studio Solution File, Format Version 12.00
# Visual Studio Version 17
VisualStudioVersion = 17.6.33712.159
MinimumVisualStudioVersion = 10.0.40219.1
Project("{FAE04EC0-301F-11D3-BF4B-00C04F79EFBC}") = "MagazinOnline", "MagazinOnline.csproj", "{9B8A5C8C-5AD9-413D-BF1B-52C6E637DD84}"
EndProject
Global
	GlobalSection(SolutionConfigurationPlatforms) = preSolution
		Debug|Any CPU = Debug|Any CPU
		Release|Any CPU = Release|Any CPU
	EndGlobalSection
	GlobalSection(ProjectConfigurationPlatforms) = postSolution
		{9B8A5C8C-5AD9-413D-BF1B-52C6E637DD84}.Debug|Any CPU.ActiveCfg = Debug|Any CPU
		{9B8A5C8C-5AD9-413D-BF1B-52C6E637DD84}.Debug|Any CPU.Build.0 = Debug|Any CPU
		{9B8A5C8C-5AD9-413D-BF1B-52C6E637DD84}.Release|Any CPU.ActiveCfg = Release|Any CPU
		{9B8A5C8C-5AD9-413D-BF1B-52C6E637DD84}.Release|Any CPU.Build.0 = Release|Any CPU
	EndGlobalSection
	GlobalSection(SolutionProperties) = preSolution
		HideSolutionNode = FALSE
	EndGlobalSection
	GlobalSection(ExtensibilityGlobals) = postSolution
		SolutionGuid = {9E0F4804-EA3A-447A-83F9-F4B2F603B4D5}
	EndGlobalSection
EndGlobal
